
Microsoft Visual Studio Solution File, Format Version 12.00
# Visual Studio Version 16
VisualStudioVersion = 16.0.29613.14
MinimumVisualStudioVersion = 10.0.40219.1
Project("{9A19103F-16F7-4668-BE54-9A1E7A4F7556}") = "CommandsFunction", "CommandsFunction\CommandsFunction.csproj", "{5F0D8317-A72F-4865-9CCE-726942B156B1}"
EndProject
Project("{9A19103F-16F7-4668-BE54-9A1E7A4F7556}") = "Bot", "Bot\Bot.csproj", "{18CB8D3B-4CC9-479F-896B-66E8E69AA0B1}"
EndProject
Project("{9A19103F-16F7-4668-BE54-9A1E7A4F7556}") = "CLI", "CLI\CLI.csproj", "{E8BC3A63-3699-4299-BD88-219A0D3CD8B6}"
EndProject
Project("{9A19103F-16F7-4668-BE54-9A1E7A4F7556}") = "Core", "Core\Core.csproj", "{B0CEF72A-B0FA-4A36-A148-6C87E703E77F}"
EndProject
Global
	GlobalSection(SolutionConfigurationPlatforms) = preSolution
		Debug|Any CPU = Debug|Any CPU
		Release|Any CPU = Release|Any CPU
	EndGlobalSection
	GlobalSection(ProjectConfigurationPlatforms) = postSolution
		{5F0D8317-A72F-4865-9CCE-726942B156B1}.Debug|Any CPU.ActiveCfg = Debug|Any CPU
		{5F0D8317-A72F-4865-9CCE-726942B156B1}.Debug|Any CPU.Build.0 = Debug|Any CPU
		{5F0D8317-A72F-4865-9CCE-726942B156B1}.Release|Any CPU.ActiveCfg = Release|Any CPU
		{5F0D8317-A72F-4865-9CCE-726942B156B1}.Release|Any CPU.Build.0 = Release|Any CPU
		{18CB8D3B-4CC9-479F-896B-66E8E69AA0B1}.Debug|Any CPU.ActiveCfg = Debug|Any CPU
		{18CB8D3B-4CC9-479F-896B-66E8E69AA0B1}.Debug|Any CPU.Build.0 = Debug|Any CPU
		{18CB8D3B-4CC9-479F-896B-66E8E69AA0B1}.Release|Any CPU.ActiveCfg = Release|Any CPU
		{18CB8D3B-4CC9-479F-896B-66E8E69AA0B1}.Release|Any CPU.Build.0 = Release|Any CPU
		{E8BC3A63-3699-4299-BD88-219A0D3CD8B6}.Debug|Any CPU.ActiveCfg = Debug|Any CPU
		{E8BC3A63-3699-4299-BD88-219A0D3CD8B6}.Debug|Any CPU.Build.0 = Debug|Any CPU
		{E8BC3A63-3699-4299-BD88-219A0D3CD8B6}.Release|Any CPU.ActiveCfg = Release|Any CPU
		{E8BC3A63-3699-4299-BD88-219A0D3CD8B6}.Release|Any CPU.Build.0 = Release|Any CPU
		{B0CEF72A-B0FA-4A36-A148-6C87E703E77F}.Debug|Any CPU.ActiveCfg = Debug|Any CPU
		{B0CEF72A-B0FA-4A36-A148-6C87E703E77F}.Debug|Any CPU.Build.0 = Debug|Any CPU
		{B0CEF72A-B0FA-4A36-A148-6C87E703E77F}.Release|Any CPU.ActiveCfg = Release|Any CPU
		{B0CEF72A-B0FA-4A36-A148-6C87E703E77F}.Release|Any CPU.Build.0 = Release|Any CPU
	EndGlobalSection
	GlobalSection(SolutionProperties) = preSolution
		HideSolutionNode = FALSE
	EndGlobalSection
	GlobalSection(ExtensibilityGlobals) = postSolution
		SolutionGuid = {9629E15D-D1B0-4C2C-9C63-5D6B9DD31ED6}
	EndGlobalSection
EndGlobal
